
Microsoft Visual Studio Solution File, Format Version 12.00
# Visual Studio 15
VisualStudioVersion = 15.0.28307.1209
MinimumVisualStudioVersion = 10.0.40219.1
Project("{FAE04EC0-301F-11D3-BF4B-00C04F79EFBC}") = "JoesLove", "JoesLove\JoesLove.csproj", "{1EC40E96-98F4-44AD-A168-5C0B1FF8A7A2}"
EndProject
Global
	GlobalSection(SolutionConfigurationPlatforms) = preSolution
		Debug|Any CPU = Debug|Any CPU
		Release|Any CPU = Release|Any CPU
	EndGlobalSection
	GlobalSection(ProjectConfigurationPlatforms) = postSolution
		{1EC40E96-98F4-44AD-A168-5C0B1FF8A7A2}.Debug|Any CPU.ActiveCfg = Debug|Any CPU
		{1EC40E96-98F4-44AD-A168-5C0B1FF8A7A2}.Debug|Any CPU.Build.0 = Debug|Any CPU
		{1EC40E96-98F4-44AD-A168-5C0B1FF8A7A2}.Release|Any CPU.ActiveCfg = Release|Any CPU
		{1EC40E96-98F4-44AD-A168-5C0B1FF8A7A2}.Release|Any CPU.Build.0 = Release|Any CPU
	EndGlobalSection
	GlobalSection(SolutionProperties) = preSolution
		HideSolutionNode = FALSE
	EndGlobalSection
	GlobalSection(ExtensibilityGlobals) = postSolution
		SolutionGuid = {2D041F0D-612C-485D-ADA7-3DDA733F4E38}
	EndGlobalSection
EndGlobal
